
Microsoft Visual Studio Solution File, Format Version 12.00
# Visual Studio Version 17
VisualStudioVersion = 17.12.35506.116
MinimumVisualStudioVersion = 10.0.40219.1
Project("{FAE04EC0-301F-11D3-BF4B-00C04F79EFBC}") = "PlaywrightDemo", "PlaywrightDemo\PlaywrightDemo.csproj", "{1500FBA3-D2F7-4434-9B1A-6CC40F75DC8A}"
EndProject
Global
	GlobalSection(SolutionConfigurationPlatforms) = preSolution
		Debug|Any CPU = Debug|Any CPU
		Release|Any CPU = Release|Any CPU
	EndGlobalSection
	GlobalSection(ProjectConfigurationPlatforms) = postSolution
		{1500FBA3-D2F7-4434-9B1A-6CC40F75DC8A}.Debug|Any CPU.ActiveCfg = Debug|Any CPU
		{1500FBA3-D2F7-4434-9B1A-6CC40F75DC8A}.Debug|Any CPU.Build.0 = Debug|Any CPU
		{1500FBA3-D2F7-4434-9B1A-6CC40F75DC8A}.Release|Any CPU.ActiveCfg = Release|Any CPU
		{1500FBA3-D2F7-4434-9B1A-6CC40F75DC8A}.Release|Any CPU.Build.0 = Release|Any CPU
	EndGlobalSection
	GlobalSection(SolutionProperties) = preSolution
		HideSolutionNode = FALSE
	EndGlobalSection
EndGlobal
